{
  "name": "test-support",
  "version": "0.2.2-next",
  "dependencies": {
    "buster": {
      "version": "0.6.3",
      "from": "https://github.com/scothis/buster/tarball/when-conflict",
      "resolved": "https://github.com/scothis/buster/tarball/when-conflict",
      "dependencies": {
        "buster-core": {
          "version": "0.6.4",
          "from": "buster-core@>=0.6.3"
        },
        "buster-evented-logger": {
          "version": "0.4.4",
          "from": "buster-evented-logger@>=0.4.4"
        },
        "buster-assertions": {
          "version": "0.10.3",
          "from": "buster-assertions@>=0.10.3"
        },
        "buster-format": {
          "version": "0.5.5",
          "from": "buster-format@>=0.5.5"
        },
        "sinon": {
          "version": "1.6.0",
          "from": "sinon@>=1.4"
        },
        "buster-test": {
          "version": "0.6.1",
          "from": "buster-test@>=0.6.1",
          "dependencies": {
            "buster-terminal": {
              "version": "0.4.1",
              "from": "buster-terminal@>=0.4.1"
            },
            "jsdom": {
              "version": "0.2.19",
              "from": "jsdom@~0.2.14",
              "dependencies": {
                "htmlparser": {
                  "version": "1.7.6",
                  "from": "htmlparser@1.x"
                },
                "request": {
                  "version": "2.21.0",
                  "from": "request@2.x",
                  "dependencies": {
                    "qs": {
                      "version": "0.6.4",
                      "from": "qs@~0.6.0"
                    },
                    "json-stringify-safe": {
                      "version": "4.0.0",
                      "from": "json-stringify-safe@~4.0.0"
                    },
                    "forever-agent": {
                      "version": "0.5.0",
                      "from": "forever-agent@~0.5.0"
                    },
                    "tunnel-agent": {
                      "version": "0.3.0",
                      "from": "tunnel-agent@~0.3.0"
                    },
                    "http-signature": {
                      "version": "0.9.11",
                      "from": "http-signature@~0.9.11",
                      "dependencies": {
                        "assert-plus": {
                          "version": "0.1.2",
                          "from": "assert-plus@0.1.2"
                        },
                        "asn1": {
                          "version": "0.1.11",
                          "from": "asn1@0.1.11"
                        },
                        "ctype": {
                          "version": "0.5.2",
                          "from": "ctype@0.5.2"
                        }
                      }
                    },
                    "hawk": {
                      "version": "0.13.1",
                      "from": "hawk@~0.13.0",
                      "dependencies": {
                        "hoek": {
                          "version": "0.8.5",
                          "from": "hoek@0.8.x"
                        },
                        "boom": {
                          "version": "0.4.1",
                          "from": "boom@0.4.x"
                        },
                        "cryptiles": {
                          "version": "0.2.1",
                          "from": "cryptiles@0.2.x"
                        },
                        "sntp": {
                          "version": "0.2.2",
                          "from": "sntp@0.2.x"
                        }
                      }
                    },
                    "aws-sign": {
                      "version": "0.3.0",
                      "from": "aws-sign@~0.3.0"
                    },
                    "oauth-sign": {
                      "version": "0.3.0",
                      "from": "oauth-sign@~0.3.0"
                    },
                    "cookie-jar": {
                      "version": "0.3.0",
                      "from": "cookie-jar@~0.3.0"
                    },
                    "node-uuid": {
                      "version": "1.4.0",
                      "from": "node-uuid@~1.4.0"
                    },
                    "mime": {
                      "version": "1.2.9",
                      "from": "mime@~1.2.9"
                    },
                    "form-data": {
                      "version": "0.0.8",
                      "from": "form-data@0.0.8",
                      "dependencies": {
                        "combined-stream": {
                          "version": "0.0.4",
                          "from": "combined-stream@~0.0.4",
                          "dependencies": {
                            "delayed-stream": {
                              "version": "0.0.5",
                              "from": "delayed-stream@0.0.5"
                            }
                          }
                        },
                        "async": {
                          "version": "0.2.8",
                          "from": "async@~0.2.7"
                        }
                      }
                    }
                  }
                },
                "cssom": {
                  "version": "0.2.5",
                  "from": "cssom@0.2.x"
                },
                "cssstyle": {
                  "version": "0.2.3",
                  "from": "cssstyle@>=0.2.3"
                },
                "contextify": {
                  "version": "0.1.5",
                  "from": "contextify@0.1.x",
                  "dependencies": {
                    "bindings": {
                      "version": "1.1.0",
                      "from": "bindings@*"
                    }
                  }
                }
              }
            }
          }
        },
        "buster-sinon": {
          "version": "0.6.0",
          "from": "buster-sinon@>=0.6.0"
        },
        "buster-test-cli": {
          "version": "0.7.6",
          "from": "buster-test-cli@>=0.7.0",
          "dependencies": {
            "buster-analyzer": {
              "version": "0.4.0",
              "from": "buster-analyzer@=0.4.0"
            },
            "ramp": {
              "version": "0.6.0",
              "from": "ramp@~0.6",
              "dependencies": {
                "bane": {
                  "version": "0.1.0",
                  "from": "bane@~0.1"
                },
                "ramp-resources": {
                  "version": "0.5.0",
                  "from": "ramp-resources@>=0.5",
                  "dependencies": {
                    "mime": {
                      "version": "1.2.9",
                      "from": "mime@~1"
                    },
                    "multi-glob": {
                      "version": "0.4.0",
                      "from": "multi-glob@~0.4.0",
                      "dependencies": {
                        "glob": {
                          "version": "3.2.1",
                          "from": "glob@>=3.1.9",
                          "dependencies": {
                            "minimatch": {
                              "version": "0.2.12",
                              "from": "minimatch@~0.2.11",
                              "dependencies": {
                                "lru-cache": {
                                  "version": "2.3.0",
                                  "from": "lru-cache@2"
                                },
                                "sigmund": {
                                  "version": "1.0.0",
                                  "from": "sigmund@~1.0.0"
                                }
                              }
                            },
                            "graceful-fs": {
                              "version": "1.2.1",
                              "from": "graceful-fs@~1.2.0"
                            },
                            "inherits": {
                              "version": "1.0.0",
                              "from": "inherits@1"
                            }
                          }
                        },
                        "async": {
                          "version": "0.2.8",
                          "from": "async@>=0.1.22"
                        }
                      }
                    },
                    "minimatch": {
                      "version": "0.1.5",
                      "from": "minimatch@~0.1.5",
                      "dependencies": {
                        "lru-cache": {
                          "version": "1.0.6",
                          "from": "lru-cache@~1.0.5"
                        }
                      }
                    },
                    "lodash": {
                      "version": "0.5.2",
                      "from": "lodash@~0.5"
                    }
                  }
                },
                "faye": {
                  "version": "0.8.9",
                  "from": "faye@~0.8",
                  "dependencies": {
                    "cookiejar": {
                      "version": "1.3.0",
                      "from": "cookiejar@"
                    },
                    "faye-websocket": {
                      "version": "0.5.0",
                      "from": "faye-websocket@>=0.4.0",
                      "dependencies": {
                        "websocket-driver": {
                          "version": "0.1.0",
                          "from": "websocket-driver@"
                        }
                      }
                    }
                  }
                },
                "node-uuid": {
                  "version": "1.4.0",
                  "from": "node-uuid@~1"
                }
              }
            },
            "ansi-grid": {
              "version": "0.5.0",
              "from": "ansi-grid@~0.5"
            },
            "ansi-colorizer": {
              "version": "0.5.0",
              "from": "ansi-colorizer@~0.5"
            },
            "buster-cli": {
              "version": "0.5.3",
              "from": "buster-cli@>=0.5.0",
              "dependencies": {
                "posix-argv-parser": {
                  "version": "0.4.2",
                  "from": "posix-argv-parser@>=0.4"
                },
                "buster-terminal": {
                  "version": "0.4.1",
                  "from": "buster-terminal@>=0.4.1"
                },
                "stream-logger": {
                  "version": "0.3.0",
                  "from": "stream-logger@>=0.3.0"
                },
                "buster-configuration": {
                  "version": "0.5.3",
                  "from": "buster-configuration@=0.5.3",
                  "dependencies": {
                    "ramp-resources": {
                      "version": "0.4.1",
                      "from": "ramp-resources@=0.4.1",
                      "dependencies": {
                        "mime": {
                          "version": "1.2.9",
                          "from": "mime@~1"
                        },
                        "buster-glob": {
                          "version": "0.3.2",
                          "from": "buster-glob@>=0.3.2"
                        },
                        "minimatch": {
                          "version": "0.1.5",
                          "from": "minimatch@~0.1.5",
                          "dependencies": {
                            "lru-cache": {
                              "version": "1.0.6",
                              "from": "lru-cache@~1.0.5"
                            }
                          }
                        }
                      }
                    },
                    "async": {
                      "version": "0.1.22",
                      "from": "async@~0.1"
                    },
                    "glob": {
                      "version": "3.1.21",
                      "from": "glob@~3.1",
                      "dependencies": {
                        "graceful-fs": {
                          "version": "1.2.1",
                          "from": "graceful-fs@~1.2.0"
                        },
                        "inherits": {
                          "version": "1.0.0",
                          "from": "inherits@1"
                        }
                      }
                    }
                  }
                },
                "rimraf": {
                  "version": "1.0.9",
                  "from": "rimraf@~1"
                },
                "minimatch": {
                  "version": "0.2.12",
                  "from": "minimatch@>=0.2",
                  "dependencies": {
                    "lru-cache": {
                      "version": "2.3.0",
                      "from": "lru-cache@2"
                    },
                    "sigmund": {
                      "version": "1.0.0",
                      "from": "sigmund@~1.0.0"
                    }
                  }
                }
              }
            },
            "bane": {
              "version": "0.2.0",
              "from": "bane@~0.2"
            },
            "stack-filter": {
              "version": "0.1.0",
              "from": "stack-filter@~0.1"
            },
            "ejs": {
              "version": "0.4.3",
              "from": "ejs@~0.4"
            },
            "lodash": {
              "version": "0.8.2",
              "from": "lodash@~0.8"
            },
            "platform": {
              "version": "1.0.0",
              "from": "platform@~1.0"
            }
          }
        },
        "buster-server-cli": {
          "version": "0.2.2",
          "from": "buster-server-cli@>=0.2.0",
          "dependencies": {
            "buster-cli": {
              "version": "0.5.3",
              "from": "buster-cli@>=0.5.0",
              "dependencies": {
                "posix-argv-parser": {
                  "version": "0.4.2",
                  "from": "posix-argv-parser@>=0.4"
                },
                "buster-terminal": {
                  "version": "0.4.1",
                  "from": "buster-terminal@>=0.4.1"
                },
                "stream-logger": {
                  "version": "0.3.0",
                  "from": "stream-logger@>=0.3.0"
                },
                "buster-configuration": {
                  "version": "0.5.3",
                  "from": "buster-configuration@=0.5.3",
                  "dependencies": {
                    "ramp-resources": {
                      "version": "0.4.1",
                      "from": "ramp-resources@=0.4.1",
                      "dependencies": {
                        "mime": {
                          "version": "1.2.9",
                          "from": "mime@~1.2.9"
                        },
                        "buster-glob": {
                          "version": "0.3.2",
                          "from": "buster-glob@>=0.3.2"
                        },
                        "minimatch": {
                          "version": "0.1.5",
                          "from": "minimatch@~0.1.5",
                          "dependencies": {
                            "lru-cache": {
                              "version": "1.0.6",
                              "from": "lru-cache@~1.0.5"
                            }
                          }
                        }
                      }
                    },
                    "async": {
                      "version": "0.1.22",
                      "from": "async@~0.1"
                    },
                    "glob": {
                      "version": "3.1.21",
                      "from": "glob@~3.1",
                      "dependencies": {
                        "graceful-fs": {
                          "version": "1.2.1",
                          "from": "graceful-fs@~1.2.0"
                        },
                        "inherits": {
                          "version": "1.0.0",
                          "from": "inherits@1"
                        }
                      }
                    }
                  }
                },
                "rimraf": {
                  "version": "1.0.9",
                  "from": "rimraf@~1"
                },
                "minimatch": {
                  "version": "0.2.12",
                  "from": "minimatch@>=0.2",
                  "dependencies": {
                    "lru-cache": {
                      "version": "2.3.0",
                      "from": "lru-cache@2"
                    },
                    "sigmund": {
                      "version": "1.0.0",
                      "from": "sigmund@~1.0.0"
                    }
                  }
                }
              }
            },
            "ramp": {
              "version": "0.6.0",
              "from": "ramp@~0.6",
              "dependencies": {
                "bane": {
                  "version": "0.1.0",
                  "from": "bane@~0.1"
                },
                "faye": {
                  "version": "0.8.9",
                  "from": "faye@~0.8",
                  "dependencies": {
                    "cookiejar": {
                      "version": "1.3.0",
                      "from": "cookiejar@"
                    },
                    "faye-websocket": {
                      "version": "0.5.0",
                      "from": "faye-websocket@>=0.4.0",
                      "dependencies": {
                        "websocket-driver": {
                          "version": "0.1.0",
                          "from": "websocket-driver@"
                        }
                      }
                    }
                  }
                },
                "node-uuid": {
                  "version": "1.4.0",
                  "from": "node-uuid@~1"
                }
              }
            },
            "platform": {
              "version": "1.0.0",
              "from": "platform@>=1.0.0"
            },
            "ramp-resources": {
              "version": "0.5.0",
              "from": "ramp-resources@>=0.5",
              "dependencies": {
                "mime": {
                  "version": "1.2.9",
                  "from": "mime@~1"
                },
                "multi-glob": {
                  "version": "0.4.0",
                  "from": "multi-glob@~0.4.0",
                  "dependencies": {
                    "glob": {
                      "version": "3.2.1",
                      "from": "glob@>=3.1.9",
                      "dependencies": {
                        "minimatch": {
                          "version": "0.2.12",
                          "from": "minimatch@~0.2.11",
                          "dependencies": {
                            "lru-cache": {
                              "version": "2.3.0",
                              "from": "lru-cache@2"
                            },
                            "sigmund": {
                              "version": "1.0.0",
                              "from": "sigmund@~1.0.0"
                            }
                          }
                        },
                        "graceful-fs": {
                          "version": "1.2.1",
                          "from": "graceful-fs@~1.2.0"
                        },
                        "inherits": {
                          "version": "1.0.0",
                          "from": "inherits@1"
                        }
                      }
                    },
                    "async": {
                      "version": "0.2.8",
                      "from": "async@>=0.1.22"
                    }
                  }
                },
                "minimatch": {
                  "version": "0.1.5",
                  "from": "minimatch@~0.1.5",
                  "dependencies": {
                    "lru-cache": {
                      "version": "1.0.6",
                      "from": "lru-cache@~1.0.5"
                    }
                  }
                },
                "lodash": {
                  "version": "0.5.2",
                  "from": "lodash@~0.5"
                }
              }
            },
            "paperboy": {
              "version": "0.0.5",
              "from": "paperboy@~0"
            },
            "ejs": {
              "version": "0.4.3",
              "from": "ejs@~0.4"
            },
            "phantom": {
              "version": "0.3.5",
              "from": "phantom@~0.3.5",
              "dependencies": {
                "dnode-protocol": {
                  "version": "0.2.2",
                  "from": "dnode-protocol@~0.2.2",
                  "dependencies": {
                    "traverse": {
                      "version": "0.6.3",
                      "from": "traverse@~0.6.3"
                    },
                    "jsonify": {
                      "version": "0.0.0",
                      "from": "jsonify@~0.0.0"
                    }
                  }
                },
                "dnode": {
                  "version": "0.9.12",
                  "from": "dnode@~0.9.12",
                  "dependencies": {
                    "socket.io": {
                      "version": "0.8.6",
                      "from": "socket.io@0.8.6",
                      "dependencies": {
                        "policyfile": {
                          "version": "0.0.4",
                          "from": "policyfile@0.0.4"
                        },
                        "redis": {
                          "version": "0.6.7",
                          "from": "redis@0.6.7"
                        }
                      }
                    },
                    "socket.io-client": {
                      "version": "0.8.6",
                      "from": "https://github.com/substack/socket.io-client/tarball/master",
                      "resolved": "https://github.com/substack/socket.io-client/tarball/master",
                      "dependencies": {
                        "uglify-js": {
                          "version": "1.0.6",
                          "from": "uglify-js@1.0.6"
                        },
                        "websocket-client": {
                          "version": "1.0.0",
                          "from": "websocket-client@1.0.0"
                        },
                        "xmlhttprequest": {
                          "version": "1.2.2",
                          "from": "xmlhttprequest@1.2.2"
                        }
                      }
                    },
                    "lazy": {
                      "version": "1.0.11",
                      "from": "lazy@>=1.0.5 <1.1"
                    },
                    "dnode-protocol": {
                      "version": "0.1.5",
                      "from": "dnode-protocol@~0.1.2",
                      "dependencies": {
                        "traverse": {
                          "version": "0.6.3",
                          "from": "traverse@~0.6.2"
                        }
                      }
                    },
                    "jsonify": {
                      "version": "0.0.0",
                      "from": "jsonify@0.0.x"
                    }
                  }
                },
                "express": {
                  "version": "3.0.6",
                  "from": "express@~3.0.0",
                  "dependencies": {
                    "connect": {
                      "version": "2.7.2",
                      "from": "connect@2.7.2",
                      "dependencies": {
                        "qs": {
                          "version": "0.5.1",
                          "from": "qs@0.5.1"
                        },
                        "formidable": {
                          "version": "1.0.11",
                          "from": "formidable@1.0.11"
                        },
                        "bytes": {
                          "version": "0.1.0",
                          "from": "bytes@0.1.0"
                        },
                        "pause": {
                          "version": "0.0.1",
                          "from": "pause@0.0.1"
                        }
                      }
                    },
                    "commander": {
                      "version": "0.6.1",
                      "from": "commander@0.6.1"
                    },
                    "range-parser": {
                      "version": "0.0.4",
                      "from": "range-parser@0.0.4"
                    },
                    "mkdirp": {
                      "version": "0.3.3",
                      "from": "mkdirp@0.3.3"
                    },
                    "cookie": {
                      "version": "0.0.5",
                      "from": "cookie@0.0.5"
                    },
                    "buffer-crc32": {
                      "version": "0.1.1",
                      "from": "buffer-crc32@0.1.1"
                    },
                    "fresh": {
                      "version": "0.1.0",
                      "from": "fresh@0.1.0"
                    },
                    "methods": {
                      "version": "0.0.1",
                      "from": "methods@0.0.1"
                    },
                    "send": {
                      "version": "0.1.0",
                      "from": "send@0.1.0",
                      "dependencies": {
                        "mime": {
                          "version": "1.2.6",
                          "from": "mime@1.2.6"
                        }
                      }
                    },
                    "cookie-signature": {
                      "version": "0.0.1",
                      "from": "cookie-signature@0.0.1"
                    },
                    "debug": {
                      "version": "0.7.2",
                      "from": "debug@*"
                    }
                  }
                }
              }
            }
          }
        },
        "buster-autotest": {
          "version": "0.2.0",
          "from": "buster-autotest@>=0.2.0",
          "dependencies": {
            "fs-watch-tree": {
              "version": "0.2.2",
              "from": "fs-watch-tree@>=0.2.1"
            },
            "buster-glob": {
              "version": "0.3.2",
              "from": "buster-glob@>=0.3.2",
              "dependencies": {
                "glob": {
                  "version": "3.2.1",
                  "from": "glob@>=3.1.9",
                  "dependencies": {
                    "minimatch": {
                      "version": "0.2.12",
                      "from": "minimatch@~0.2.11",
                      "dependencies": {
                        "lru-cache": {
                          "version": "2.3.0",
                          "from": "lru-cache@2"
                        },
                        "sigmund": {
                          "version": "1.0.0",
                          "from": "sigmund@~1.0.0"
                        }
                      }
                    },
                    "graceful-fs": {
                      "version": "1.2.1",
                      "from": "graceful-fs@~1.2.0"
                    },
                    "inherits": {
                      "version": "1.0.0",
                      "from": "inherits@1"
                    }
                  }
                }
              }
            }
          }
        },
        "buster-static": {
          "version": "0.5.1",
          "from": "buster-static@>=0.5",
          "dependencies": {
            "buster-cli": {
              "version": "0.5.3",
              "from": "buster-cli@>=0.5",
              "dependencies": {
                "posix-argv-parser": {
                  "version": "0.4.2",
                  "from": "posix-argv-parser@>=0.4"
                },
                "buster-terminal": {
                  "version": "0.4.1",
                  "from": "buster-terminal@>=0.4.1"
                },
                "stream-logger": {
                  "version": "0.3.0",
                  "from": "stream-logger@>=0.3.0"
                },
                "buster-configuration": {
                  "version": "0.5.3",
                  "from": "buster-configuration@=0.5.3",
                  "dependencies": {
                    "async": {
                      "version": "0.1.22",
                      "from": "async@~0.1"
                    },
                    "glob": {
                      "version": "3.1.21",
                      "from": "glob@~3.1",
                      "dependencies": {
                        "graceful-fs": {
                          "version": "1.2.1",
                          "from": "graceful-fs@~1.2.0"
                        },
                        "inherits": {
                          "version": "1.0.0",
                          "from": "inherits@1"
                        }
                      }
                    }
                  }
                },
                "rimraf": {
                  "version": "1.0.9",
                  "from": "rimraf@~1"
                },
                "minimatch": {
                  "version": "0.2.12",
                  "from": "minimatch@>=0.2",
                  "dependencies": {
                    "lru-cache": {
                      "version": "2.3.0",
                      "from": "lru-cache@2"
                    },
                    "sigmund": {
                      "version": "1.0.0",
                      "from": "sigmund@~1.0.0"
                    }
                  }
                }
              }
            },
            "ramp-resources": {
              "version": "0.4.1",
              "from": "ramp-resources@~0.4",
              "dependencies": {
                "mime": {
                  "version": "1.2.9",
                  "from": "mime@~1"
                },
                "buster-glob": {
                  "version": "0.3.2",
                  "from": "buster-glob@>=0.3.2",
                  "dependencies": {
                    "glob": {
                      "version": "3.2.1",
                      "from": "glob@>=3.1.9",
                      "dependencies": {
                        "minimatch": {
                          "version": "0.2.12",
                          "from": "minimatch@~0.2.11",
                          "dependencies": {
                            "lru-cache": {
                              "version": "2.3.0",
                              "from": "lru-cache@2"
                            },
                            "sigmund": {
                              "version": "1.0.0",
                              "from": "sigmund@~1.0.0"
                            }
                          }
                        },
                        "graceful-fs": {
                          "version": "1.2.1",
                          "from": "graceful-fs@~1.2.0"
                        },
                        "inherits": {
                          "version": "1.0.0",
                          "from": "inherits@1"
                        }
                      }
                    }
                  }
                },
                "minimatch": {
                  "version": "0.1.5",
                  "from": "minimatch@~0.1.5",
                  "dependencies": {
                    "lru-cache": {
                      "version": "1.0.6",
                      "from": "lru-cache@~1.0.5"
                    }
                  }
                }
              }
            },
            "mkdirp": {
              "version": "0.3.5",
              "from": "mkdirp@~0.3"
            }
          }
        },
        "buster-syntax": {
          "version": "0.4.2",
          "from": "buster-syntax@~0.4",
          "dependencies": {
            "uglify-js": {
              "version": "1.2.6",
              "from": "uglify-js@~1.2.5"
            },
            "jsdom": {
              "version": "0.2.19",
              "from": "jsdom@~0.2.14",
              "dependencies": {
                "htmlparser": {
                  "version": "1.7.6",
                  "from": "htmlparser@1.x"
                },
                "request": {
                  "version": "2.21.0",
                  "from": "request@2.x",
                  "dependencies": {
                    "qs": {
                      "version": "0.6.4",
                      "from": "qs@~0.6.0"
                    },
                    "json-stringify-safe": {
                      "version": "4.0.0",
                      "from": "json-stringify-safe@~4.0.0"
                    },
                    "forever-agent": {
                      "version": "0.5.0",
                      "from": "forever-agent@~0.5.0"
                    },
                    "tunnel-agent": {
                      "version": "0.3.0",
                      "from": "tunnel-agent@~0.3.0"
                    },
                    "http-signature": {
                      "version": "0.9.11",
                      "from": "http-signature@~0.9.11",
                      "dependencies": {
                        "assert-plus": {
                          "version": "0.1.2",
                          "from": "assert-plus@0.1.2"
                        },
                        "asn1": {
                          "version": "0.1.11",
                          "from": "asn1@0.1.11"
                        },
                        "ctype": {
                          "version": "0.5.2",
                          "from": "ctype@0.5.2"
                        }
                      }
                    },
                    "hawk": {
                      "version": "0.13.1",
                      "from": "hawk@~0.13.0",
                      "dependencies": {
                        "hoek": {
                          "version": "0.8.5",
                          "from": "hoek@0.8.x"
                        },
                        "boom": {
                          "version": "0.4.1",
                          "from": "boom@0.4.x"
                        },
                        "cryptiles": {
                          "version": "0.2.1",
                          "from": "cryptiles@0.2.x"
                        },
                        "sntp": {
                          "version": "0.2.2",
                          "from": "sntp@0.2.x"
                        }
                      }
                    },
                    "aws-sign": {
                      "version": "0.3.0",
                      "from": "aws-sign@~0.3.0"
                    },
                    "oauth-sign": {
                      "version": "0.3.0",
                      "from": "oauth-sign@~0.3.0"
                    },
                    "cookie-jar": {
                      "version": "0.3.0",
                      "from": "cookie-jar@~0.3.0"
                    },
                    "node-uuid": {
                      "version": "1.4.0",
                      "from": "node-uuid@~1.4.0"
                    },
                    "mime": {
                      "version": "1.2.9",
                      "from": "mime@~1.2.9"
                    },
                    "form-data": {
                      "version": "0.0.8",
                      "from": "form-data@0.0.8",
                      "dependencies": {
                        "combined-stream": {
                          "version": "0.0.4",
                          "from": "combined-stream@~0.0.4",
                          "dependencies": {
                            "delayed-stream": {
                              "version": "0.0.5",
                              "from": "delayed-stream@0.0.5"
                            }
                          }
                        },
                        "async": {
                          "version": "0.2.8",
                          "from": "async@~0.2.7"
                        }
                      }
                    }
                  }
                },
                "cssom": {
                  "version": "0.2.5",
                  "from": "cssom@0.2.x"
                },
                "cssstyle": {
                  "version": "0.2.3",
                  "from": "cssstyle@>=0.2.3"
                },
                "contextify": {
                  "version": "0.1.5",
                  "from": "contextify@0.1.x",
                  "dependencies": {
                    "bindings": {
                      "version": "1.1.0",
                      "from": "bindings@*"
                    }
                  }
                }
              }
            }
          }
        },
        "when": {
          "version": "1.3.0",
          "from": "http://github.com/cujojs/when/tarball/1.3.0",
          "resolved": "http://github.com/cujojs/when/tarball/1.3.0"
        }
      }
    },
    "jshint": {
      "version": "1.0.0",
      "from": "jshint@~1.0",
      "dependencies": {
        "esprima": {
          "version": "1.1.0-dev",
          "from": "https://github.com/ariya/esprima/tarball/master",
          "resolved": "https://github.com/ariya/esprima/tarball/master"
        },
        "shelljs": {
          "version": "0.1.3",
          "from": "shelljs@*",
          "dependencies": {
            "jshint": {
              "version": "1.1.0",
              "from": "jshint@~1.1.0"
            }
          }
        },
        "underscore": {
          "version": "1.4.4",
          "from": "underscore@*"
        },
        "peakle": {
          "version": "0.0.1",
          "from": "peakle@*"
        },
        "cli": {
          "version": "0.4.3",
          "from": "cli@0.4.3",
          "dependencies": {
            "glob": {
              "version": "3.2.1",
              "from": "glob@>= 3.1.4",
              "dependencies": {
                "graceful-fs": {
                  "version": "1.2.1",
                  "from": "graceful-fs@~1.2.0"
                },
                "inherits": {
                  "version": "1.0.0",
                  "from": "inherits@1"
                }
              }
            }
          }
        },
        "minimatch": {
          "version": "0.2.12",
          "from": "minimatch@~0.2.11",
          "dependencies": {
            "lru-cache": {
              "version": "2.3.0",
              "from": "lru-cache@2"
            },
            "sigmund": {
              "version": "1.0.0",
              "from": "sigmund@~1.0.0"
            }
          }
        }
      }
    },
    "optimist": {
      "version": "0.3.7",
      "from": "optimist@~0.3",
      "dependencies": {
        "wordwrap": {
          "version": "0.0.2",
          "from": "wordwrap@~0.0.2"
        }
      }
    },
    "when": {
      "version": "2.0.0",
      "from": "https://github.com/cujojs/when/tarball/2.0.0",
      "resolved": "https://github.com/cujojs/when/tarball/2.0.0"
    },
    "rest": {
      "version": "0.9.0",
      "from": "https://github.com/cujojs/rest/tarball/v0.9.0",
      "resolved": "https://github.com/cujojs/rest/tarball/v0.9.0"
    },
    "sauce-connect-launcher": {
      "version": "0.1.3",
      "from": "sauce-connect-launcher@~0.1",
      "dependencies": {
        "unzip": {
          "version": "0.0.4",
          "from": "unzip@0.0.4",
          "dependencies": {
            "fstream": {
              "version": "0.1.22",
              "from": "fstream@~0.1.18",
              "dependencies": {
                "rimraf": {
                  "version": "2.1.4",
                  "from": "rimraf@2"
                },
                "mkdirp": {
                  "version": "0.3.5",
                  "from": "mkdirp@0.3"
                },
                "graceful-fs": {
                  "version": "1.2.1",
                  "from": "graceful-fs@~1.2.0"
                },
                "inherits": {
                  "version": "1.0.0",
                  "from": "inherits@~1.0.0"
                }
              }
            },
            "pullstream": {
              "version": "0.0.4",
              "from": "pullstream@0.0.4",
              "dependencies": {
                "over": {
                  "version": "0.0.5",
                  "from": "over@~0.0.5"
                },
                "stream-buffers": {
                  "version": "0.2.4",
                  "from": "stream-buffers@~0.2.3"
                }
              }
            },
            "binary": {
              "version": "0.3.0",
              "from": "binary@~0.3.0",
              "dependencies": {
                "chainsaw": {
                  "version": "0.1.0",
                  "from": "chainsaw@~0.1.0",
                  "dependencies": {
                    "traverse": {
                      "version": "0.3.9",
                      "from": "traverse@>=0.3.0 <0.4"
                    }
                  }
                },
                "buffers": {
                  "version": "0.1.1",
                  "from": "buffers@~0.1.1"
                }
              }
            }
          }
        },
        "progress": {
          "version": "0.1.0",
          "from": "progress@~0.1.0"
        }
      }
    },
    "wd": {
      "version": "0.0.32",
      "from": "wd@~0.0",
      "dependencies": {
        "async": {
          "version": "0.2.8",
          "from": "async@0.2.x"
        },
        "underscore": {
          "version": "1.4.4",
          "from": "underscore@1.4.4"
        },
        "vargs": {
          "version": "0.1.0",
          "from": "vargs@~0.1.0"
        },
        "q": {
          "version": "0.9.3",
          "from": "q@0.9.x"
        },
        "request": {
          "version": "2.21.0",
          "from": "request@~2.21.0",
          "dependencies": {
            "qs": {
              "version": "0.6.4",
              "from": "qs@~0.6.0"
            },
            "json-stringify-safe": {
              "version": "4.0.0",
              "from": "json-stringify-safe@~4.0.0"
            },
            "forever-agent": {
              "version": "0.5.0",
              "from": "forever-agent@~0.5.0"
            },
            "tunnel-agent": {
              "version": "0.3.0",
              "from": "tunnel-agent@~0.3.0"
            },
            "http-signature": {
              "version": "0.9.11",
              "from": "http-signature@~0.9.11",
              "dependencies": {
                "assert-plus": {
                  "version": "0.1.2",
                  "from": "assert-plus@0.1.2"
                },
                "asn1": {
                  "version": "0.1.11",
                  "from": "asn1@0.1.11"
                },
                "ctype": {
                  "version": "0.5.2",
                  "from": "ctype@0.5.2"
                }
              }
            },
            "hawk": {
              "version": "0.13.1",
              "from": "hawk@~0.13.0",
              "dependencies": {
                "hoek": {
                  "version": "0.8.5",
                  "from": "hoek@0.8.x"
                },
                "boom": {
                  "version": "0.4.1",
                  "from": "boom@0.4.x"
                },
                "cryptiles": {
                  "version": "0.2.1",
                  "from": "cryptiles@0.2.x"
                },
                "sntp": {
                  "version": "0.2.2",
                  "from": "sntp@0.2.x"
                }
              }
            },
            "aws-sign": {
              "version": "0.3.0",
              "from": "aws-sign@~0.3.0"
            },
            "oauth-sign": {
              "version": "0.3.0",
              "from": "oauth-sign@~0.3.0"
            },
            "cookie-jar": {
              "version": "0.3.0",
              "from": "cookie-jar@~0.3.0"
            },
            "node-uuid": {
              "version": "1.4.0",
              "from": "node-uuid@~1.4.0"
            },
            "mime": {
              "version": "1.2.9",
              "from": "mime@~1.2.9"
            },
            "form-data": {
              "version": "0.0.8",
              "from": "form-data@0.0.8",
              "dependencies": {
                "combined-stream": {
                  "version": "0.0.4",
                  "from": "combined-stream@~0.0.4",
                  "dependencies": {
                    "delayed-stream": {
                      "version": "0.0.5",
                      "from": "delayed-stream@0.0.5"
                    }
                  }
                }
              }
            }
          }
        }
      }
    },
    "json5": {
      "version": "0.2.0",
      "from": "json5@~0.2"
    }
  }
}
